// !$*UTF8*$!
{
	archiveVersion = 1;
	classes = {
	};
	objectVersion = 46;
	objects = {

/* Begin PBXBuildFile section */
		D03238461F688F7200E59BEB /* Cursus.cpp in Sources */ = {isa = PBXBuildFile; fileRef = D03238441F688F7200E59BEB /* Cursus.cpp */; };
		D03B306F1F6893C50019F8A3 /* Datum.cpp in Sources */ = {isa = PBXBuildFile; fileRef = D03B306D1F6893C50019F8A3 /* Datum.cpp */; };
		D03B30721F6894480019F8A3 /* Lokaal.cpp in Sources */ = {isa = PBXBuildFile; fileRef = D03B30701F6894480019F8A3 /* Lokaal.cpp */; };
		D03B30751F6894A00019F8A3 /* Docent.cpp in Sources */ = {isa = PBXBuildFile; fileRef = D03B30731F6894A00019F8A3 /* Docent.cpp */; };
		D06E19691F604E6900BB50CF /* main.cpp in Sources */ = {isa = PBXBuildFile; fileRef = D06E19681F604E6900BB50CF /* main.cpp */; };
/* End PBXBuildFile section */

/* Begin PBXCopyFilesBuildPhase section */
		D06E19631F604E6900BB50CF /* CopyFiles */ = {
			isa = PBXCopyFilesBuildPhase;
			buildActionMask = 2147483647;
			dstPath = /usr/share/man/man1/;
			dstSubfolderSpec = 0;
			files = (
			);
			runOnlyForDeploymentPostprocessing = 1;
		};
/* End PBXCopyFilesBuildPhase section */

/* Begin PBXFileReference section */
		D03238441F688F7200E59BEB /* Cursus.cpp */ = {isa = PBXFileReference; fileEncoding = 4; lastKnownFileType = sourcecode.cpp.cpp; name = Cursus.cpp; path = Les1_dit/Cursus.cpp; sourceTree = "<group>"; };
		D03238451F688F7200E59BEB /* Cursus.hpp */ = {isa = PBXFileReference; fileEncoding = 4; lastKnownFileType = sourcecode.cpp.h; name = Cursus.hpp; path = Les1_dit/Cursus.hpp; sourceTree = "<group>"; };
		D03B306D1F6893C50019F8A3 /* Datum.cpp */ = {isa = PBXFileReference; fileEncoding = 4; lastKnownFileType = sourcecode.cpp.cpp; name = Datum.cpp; path = Les1_dit/Datum.cpp; sourceTree = "<group>"; };
		D03B306E1F6893C50019F8A3 /* Datum.hpp */ = {isa = PBXFileReference; fileEncoding = 4; lastKnownFileType = sourcecode.cpp.h; name = Datum.hpp; path = Les1_dit/Datum.hpp; sourceTree = "<group>"; };
		D03B30701F6894480019F8A3 /* Lokaal.cpp */ = {isa = PBXFileReference; fileEncoding = 4; lastKnownFileType = sourcecode.cpp.cpp; name = Lokaal.cpp; path = Les1_dit/Lokaal.cpp; sourceTree = "<group>"; };
		D03B30711F6894480019F8A3 /* Lokaal.hpp */ = {isa = PBXFileReference; fileEncoding = 4; lastKnownFileType = sourcecode.cpp.h; name = Lokaal.hpp; path = Les1_dit/Lokaal.hpp; sourceTree = "<group>"; };
		D03B30731F6894A00019F8A3 /* Docent.cpp */ = {isa = PBXFileReference; fileEncoding = 4; lastKnownFileType = sourcecode.cpp.cpp; name = Docent.cpp; path = Les1_dit/Docent.cpp; sourceTree = "<group>"; };
		D03B30741F6894A00019F8A3 /* Docent.hpp */ = {isa = PBXFileReference; fileEncoding = 4; lastKnownFileType = sourcecode.cpp.h; name = Docent.hpp; path = Les1_dit/Docent.hpp; sourceTree = "<group>"; };
		D06E19651F604E6900BB50CF /* Les1 */ = {isa = PBXFileReference; explicitFileType = "compiled.mach-o.executable"; includeInIndex = 0; path = Les1; sourceTree = BUILT_PRODUCTS_DIR; };
		D06E19681F604E6900BB50CF /* main.cpp */ = {isa = PBXFileReference; lastKnownFileType = sourcecode.cpp.cpp; path = main.cpp; sourceTree = "<group>"; };
/* End PBXFileReference section */

/* Begin PBXFrameworksBuildPhase section */
		D06E19621F604E6900BB50CF /* Frameworks */ = {
			isa = PBXFrameworksBuildPhase;
			buildActionMask = 2147483647;
			files = (
			);
			runOnlyForDeploymentPostprocessing = 0;
		};
/* End PBXFrameworksBuildPhase section */

/* Begin PBXGroup section */
		D06E195C1F604E6900BB50CF = {
			isa = PBXGroup;
			children = (
				D03B30731F6894A00019F8A3 /* Docent.cpp */,
				D03B30741F6894A00019F8A3 /* Docent.hpp */,
				D03B30701F6894480019F8A3 /* Lokaal.cpp */,
				D03B30711F6894480019F8A3 /* Lokaal.hpp */,
				D03B306D1F6893C50019F8A3 /* Datum.cpp */,
				D03B306E1F6893C50019F8A3 /* Datum.hpp */,
				D03238441F688F7200E59BEB /* Cursus.cpp */,
				D03238451F688F7200E59BEB /* Cursus.hpp */,
				D06E19671F604E6900BB50CF /* Les1 */,
				D06E19661F604E6900BB50CF /* Products */,
			);
			sourceTree = "<group>";
		};
		D06E19661F604E6900BB50CF /* Products */ = {
			isa = PBXGroup;
			children = (
				D06E19651F604E6900BB50CF /* Les1 */,
			);
			name = Products;
			sourceTree = "<group>";
		};
		D06E19671F604E6900BB50CF /* Les1 */ = {
			isa = PBXGroup;
			children = (
				D06E19681F604E6900BB50CF /* main.cpp */,
			);
			name = Les1;
			path = Les1_dit;
			sourceTree = "<group>";
		};
/* End PBXGroup section */

/* Begin PBXNativeTarget section */
		D06E19641F604E6900BB50CF /* Les1 */ = {
			isa = PBXNativeTarget;
			buildConfigurationList = D06E196C1F604E6900BB50CF /* Build configuration list for PBXNativeTarget "Les1" */;
			buildPhases = (
				D06E19611F604E6900BB50CF /* Sources */,
				D06E19621F604E6900BB50CF /* Frameworks */,
				D06E19631F604E6900BB50CF /* CopyFiles */,
			);
			buildRules = (
			);
			dependencies = (
			);
			name = Les1;
			productName = Les1_dit;
			productReference = D06E19651F604E6900BB50CF /* Les1 */;
			productType = "com.apple.product-type.tool";
		};
/* End PBXNativeTarget section */

/* Begin PBXProject section */
		D06E195D1F604E6900BB50CF /* Project object */ = {
			isa = PBXProject;
			attributes = {
				LastUpgradeCheck = 0830;
				ORGANIZATIONNAME = "MacBook Air";
				TargetAttributes = {
					D06E19641F604E6900BB50CF = {
						CreatedOnToolsVersion = 8.3.3;
						ProvisioningStyle = Automatic;
					};
				};
			};
			buildConfigurationList = D06E19601F604E6900BB50CF /* Build configuration list for PBXProject "Les1" */;
			compatibilityVersion = "Xcode 3.2";
			developmentRegion = English;
			hasScannedForEncodings = 0;
			knownRegions = (
				en,
			);
			mainGroup = D06E195C1F604E6900BB50CF;
			productRefGroup = D06E19661F604E6900BB50CF /* Products */;
			projectDirPath = "";
			projectRoot = "";
			targets = (
				D06E19641F604E6900BB50CF /* Les1 */,
			);
		};
/* End PBXProject section */

/* Begin PBXSourcesBuildPhase section */
		D06E19611F604E6900BB50CF /* Sources */ = {
			isa = PBXSourcesBuildPhase;
			buildActionMask = 2147483647;
			files = (
				D03238461F688F7200E59BEB /* Cursus.cpp in Sources */,
				D03B30721F6894480019F8A3 /* Lokaal.cpp in Sources */,
				D03B30751F6894A00019F8A3 /* Docent.cpp in Sources */,
				D03B306F1F6893C50019F8A3 /* Datum.cpp in Sources */,
				D06E19691F604E6900BB50CF /* main.cpp in Sources */,
			);
			runOnlyForDeploymentPostprocessing = 0;
		};
/* End PBXSourcesBuildPhase section */

/* Begin XCBuildConfiguration section */
		D06E196A1F604E6900BB50CF /* Debug */ = {
			isa = XCBuildConfiguration;
			buildSettings = {
				ALWAYS_SEARCH_USER_PATHS = NO;
				CLANG_ANALYZER_NONNULL = YES;
				CLANG_ANALYZER_NUMBER_OBJECT_CONVERSION = YES_AGGRESSIVE;
				CLANG_CXX_LANGUAGE_STANDARD = "gnu++0x";
				CLANG_CXX_LIBRARY = "libc++";
				CLANG_ENABLE_MODULES = YES;
				CLANG_ENABLE_OBJC_ARC = YES;
				CLANG_WARN_BOOL_CONVERSION = YES;
				CLANG_WARN_CONSTANT_CONVERSION = YES;
				CLANG_WARN_DIRECT_OBJC_ISA_USAGE = YES_ERROR;
				CLANG_WARN_DOCUMENTATION_COMMENTS = YES;
				CLANG_WARN_EMPTY_BODY = YES;
				CLANG_WARN_ENUM_CONVERSION = YES;
				CLANG_WARN_INFINITE_RECURSION = YES;
				CLANG_WARN_INT_CONVERSION = YES;
				CLANG_WARN_OBJC_ROOT_CLASS = YES_ERROR;
				CLANG_WARN_SUSPICIOUS_MOVE = YES;
				CLANG_WARN_UNREACHABLE_CODE = YES;
				CLANG_WARN__DUPLICATE_METHOD_MATCH = YES;
				CODE_SIGN_IDENTITY = "-";
				COPY_PHASE_STRIP = NO;
				DEBUG_INFORMATION_FORMAT = dwarf;
				ENABLE_STRICT_OBJC_MSGSEND = YES;
				ENABLE_TESTABILITY = YES;
				GCC_C_LANGUAGE_STANDARD = gnu99;
				GCC_DYNAMIC_NO_PIC = NO;
				GCC_NO_COMMON_BLOCKS = YES;
				GCC_OPTIMIZATION_LEVEL = 0;
				GCC_PREPROCESSOR_DEFINITIONS = (
					"DEBUG=1",
					"$(inherited)",
				);
				GCC_WARN_64_TO_32_BIT_CONVERSION = YES;
				GCC_WARN_ABOUT_RETURN_TYPE = YES_ERROR;
				GCC_WARN_UNDECLARED_SELECTOR = YES;
				GCC_WARN_UNINITIALIZED_AUTOS = YES_AGGRESSIVE;
				GCC_WARN_UNUSED_FUNCTION = YES;
				GCC_WARN_UNUSED_VARIABLE = YES;
				MACOSX_DEPLOYMENT_TARGET = 10.12;
				MTL_ENABLE_DEBUG_INFO = YES;
				ONLY_ACTIVE_ARCH = YES;
				SDKROOT = macosx;
			};
			name = Debug;
		};
		D06E196B1F604E6900BB50CF /* Release */ = {
			isa = XCBuildConfiguration;
			buildSettings = {
				ALWAYS_SEARCH_USER_PATHS = NO;
				CLANG_ANALYZER_NONNULL = YES;
				CLANG_ANALYZER_NUMBER_OBJECT_CONVERSION = YES_AGGRESSIVE;
				CLANG_CXX_LANGUAGE_STANDARD = "gnu++0x";
				CLANG_CXX_LIBRARY = "libc++";
				CLANG_ENABLE_MODULES = YES;
				CLANG_ENABLE_OBJC_ARC = YES;
				CLANG_WARN_BOOL_CONVERSION = YES;
				CLANG_WARN_CONSTANT_CONVERSION = YES;
				CLANG_WARN_DIRECT_OBJC_ISA_USAGE = YES_ERROR;
				CLANG_WARN_DOCUMENTATION_COMMENTS = YES;
				CLANG_WARN_EMPTY_BODY = YES;
				CLANG_WARN_ENUM_CONVERSION = YES;
				CLANG_WARN_INFINITE_RECURSION = YES;
				CLANG_WARN_INT_CONVERSION = YES;
				CLANG_WARN_OBJC_ROOT_CLASS = YES_ERROR;
				CLANG_WARN_SUSPICIOUS_MOVE = YES;
				CLANG_WARN_UNREACHABLE_CODE = YES;
				CLANG_WARN__DUPLICATE_METHOD_MATCH = YES;
				CODE_SIGN_IDENTITY = "-";
				COPY_PHASE_STRIP = NO;
				DEBUG_INFORMATION_FORMAT = "dwarf-with-dsym";
				ENABLE_NS_ASSERTIONS = NO;
				ENABLE_STRICT_OBJC_MSGSEND = YES;
				GCC_C_LANGUAGE_STANDARD = gnu99;
				GCC_NO_COMMON_BLOCKS = YES;
				GCC_WARN_64_TO_32_BIT_CONVERSION = YES;
				GCC_WARN_ABOUT_RETURN_TYPE = YES_ERROR;
				GCC_WARN_UNDECLARED_SELECTOR = YES;
				GCC_WARN_UNINITIALIZED_AUTOS = YES_AGGRESSIVE;
				GCC_WARN_UNUSED_FUNCTION = YES;
				GCC_WARN_UNUSED_VARIABLE = YES;
				MACOSX_DEPLOYMENT_TARGET = 10.12;
				MTL_ENABLE_DEBUG_INFO = NO;
				SDKROOT = macosx;
			};
			name = Release;
		};
		D06E196D1F604E6900BB50CF /* Debug */ = {
			isa = XCBuildConfiguration;
			buildSettings = {
				PRODUCT_NAME = "$(TARGET_NAME)";
			};
			name = Debug;
		};
		D06E196E1F604E6900BB50CF /* Release */ = {
			isa = XCBuildConfiguration;
			buildSettings = {
				PRODUCT_NAME = "$(TARGET_NAME)";
			};
			name = Release;
		};
/* End XCBuildConfiguration section */

/* Begin XCConfigurationList section */
		D06E19601F604E6900BB50CF /* Build configuration list for PBXProject "Les1" */ = {
			isa = XCConfigurationList;
			buildConfigurations = (
				D06E196A1F604E6900BB50CF /* Debug */,
				D06E196B1F604E6900BB50CF /* Release */,
			);
			defaultConfigurationIsVisible = 0;
			defaultConfigurationName = Release;
		};
		D06E196C1F604E6900BB50CF /* Build configuration list for PBXNativeTarget "Les1" */ = {
			isa = XCConfigurationList;
			buildConfigurations = (
				D06E196D1F604E6900BB50CF /* Debug */,
				D06E196E1F604E6900BB50CF /* Release */,
			);
			defaultConfigurationIsVisible = 0;
			defaultConfigurationName = Release;
		};
/* End XCConfigurationList section */
	};
	rootObject = D06E195D1F604E6900BB50CF /* Project object */;
}
